
Microsoft Visual Studio Solution File, Format Version 12.00
# Visual Studio Version 17
VisualStudioVersion = 17.3.32901.215
MinimumVisualStudioVersion = 10.0.40219.1
Project("{FAE04EC0-301F-11D3-BF4B-00C04F79EFBC}") = "PilasYColas", "PilasYColas.csproj", "{899B280F-B10F-4C40-92D9-2D155C1E7537}"
EndProject
Global
	GlobalSection(SolutionConfigurationPlatforms) = preSolution
		Debug|Any CPU = Debug|Any CPU
		Release|Any CPU = Release|Any CPU
	EndGlobalSection
	GlobalSection(ProjectConfigurationPlatforms) = postSolution
		{899B280F-B10F-4C40-92D9-2D155C1E7537}.Debug|Any CPU.ActiveCfg = Debug|Any CPU
		{899B280F-B10F-4C40-92D9-2D155C1E7537}.Debug|Any CPU.Build.0 = Debug|Any CPU
		{899B280F-B10F-4C40-92D9-2D155C1E7537}.Release|Any CPU.ActiveCfg = Release|Any CPU
		{899B280F-B10F-4C40-92D9-2D155C1E7537}.Release|Any CPU.Build.0 = Release|Any CPU
	EndGlobalSection
	GlobalSection(SolutionProperties) = preSolution
		HideSolutionNode = FALSE
	EndGlobalSection
	GlobalSection(ExtensibilityGlobals) = postSolution
		SolutionGuid = {9875A4B5-234A-4A7D-A0E4-22BDFB5FB215}
	EndGlobalSection
EndGlobal
